<?xml version="1.0" encoding="utf-8"?>
<Project ToolsVersion="4.0" xmlns="http://schemas.microsoft.com/developer/msbuild/2003">
  <ItemGroup>
    <Filter Include="Archivos de código fuente">
      <UniqueIdentifier>{4FC737F1-C7A5-4376-A066-2A32D752A2FF}</UniqueIdentifier>
      <Extensions>cpp;c;cc;cxx;def;odl;idl;hpj;bat;asm;asmx</Extensions>
    </Filter>
    <Filter Include="Archivos de encabezado">
      <UniqueIdentifier>{93995380-89BD-4b04-88EB-625FBE52EBFB}</UniqueIdentifier>
      <Extensions>h;hh;hpp;hxx;hm;inl;inc;xsd</Extensions>
    </Filter>
    <Filter Include="Archivos de recursos">
      <UniqueIdentifier>{67DA6AB6-F800-4c08-8B7A-83BB121AAD01}</UniqueIdentifier>
      <Extensions>rc;ico;cur;bmp;dlg;rc2;rct;bin;rgs;gif;jpg;jpeg;jpe;resx;tiff;tif;png;wav;mfcribbon-ms</Extensions>
    </Filter>
    <Filter Include="Archivos de código fuente\MapLoader">
      <UniqueIdentifier>{21c44e49-e3aa-4094-9a3e-27f3ba9e718f}</UniqueIdentifier>
    </Filter>
    <Filter Include="Archivos de encabezado\Zlib">
      <UniqueIdentifier>{d7c24478-cca4-41b8-bdda-221850e91947}</UniqueIdentifier>
    </Filter>
    <Filter Include="Archivos de encabezado\AnimatedSprite">
      <UniqueIdentifier>{f8ef2d84-fa50-4ee8-80bd-92b6afe4c03a}</UniqueIdentifier>
    </Filter>
    <Filter Include="Archivos de código fuente\AnimatedSprite">
      <UniqueIdentifier>{89f39c79-bf08-4f66-909c-5dde4e8c24e8}</UniqueIdentifier>
    </Filter>
  </ItemGroup>
  <ItemGroup>
    <Text Include="ReadMe.txt" />
  </ItemGroup>
  <ItemGroup>
    <ClInclude Include="stdafx.h">
      <Filter>Archivos de encabezado</Filter>
    </ClInclude>
    <ClInclude Include="targetver.h">
      <Filter>Archivos de encabezado</Filter>
    </ClInclude>
    <ClInclude Include="Game.h">
      <Filter>Archivos de encabezado</Filter>
    </ClInclude>
    <ClInclude Include="..\..\..\..\Downloads\zlib128\zlib-1.2.8\zconf.h">
      <Filter>Archivos de encabezado\Zlib</Filter>
    </ClInclude>
    <ClInclude Include="..\..\..\..\Downloads\zlib128\zlib-1.2.8\zlib.h">
      <Filter>Archivos de encabezado\Zlib</Filter>
    </ClInclude>
    <ClInclude Include="Animation.h">
      <Filter>Archivos de encabezado\AnimatedSprite</Filter>
    </ClInclude>
    <ClInclude Include="AnimatedSprite.h">
      <Filter>Archivos de encabezado\AnimatedSprite</Filter>
    </ClInclude>
    <ClInclude Include="Player.h">
      <Filter>Archivos de encabezado</Filter>
    </ClInclude>
  </ItemGroup>
  <ItemGroup>
    <ClCompile Include="stdafx.cpp">
      <Filter>Archivos de código fuente</Filter>
    </ClCompile>
    <ClCompile Include="GrottoEscape.cpp">
      <Filter>Archivos de código fuente</Filter>
    </ClCompile>
    <ClCompile Include="..\..\..\sfml-tmxloader-master\src\DebugShape.cpp">
      <Filter>Archivos de código fuente\MapLoader</Filter>
    </ClCompile>
    <ClCompile Include="..\..\..\sfml-tmxloader-master\src\MapLayer.cpp">
      <Filter>Archivos de código fuente\MapLoader</Filter>
    </ClCompile>
    <ClCompile Include="..\..\..\sfml-tmxloader-master\src\MapLoaderPrivate.cpp">
      <Filter>Archivos de código fuente\MapLoader</Filter>
    </ClCompile>
    <ClCompile Include="..\..\..\sfml-tmxloader-master\src\MapLoaderPublic.cpp">
      <Filter>Archivos de código fuente\MapLoader</Filter>
    </ClCompile>
    <ClCompile Include="..\..\..\sfml-tmxloader-master\src\MapObject.cpp">
      <Filter>Archivos de código fuente\MapLoader</Filter>
    </ClCompile>
    <ClCompile Include="..\..\..\sfml-tmxloader-master\src\pugixml\pugixml.cpp">
      <Filter>Archivos de código fuente\MapLoader</Filter>
    </ClCompile>
    <ClCompile Include="..\..\..\sfml-tmxloader-master\src\QuadTreeNode.cpp">
      <Filter>Archivos de código fuente\MapLoader</Filter>
    </ClCompile>
    <ClCompile Include="Game.cpp">
      <Filter>Archivos de código fuente</Filter>
    </ClCompile>
    <ClCompile Include="Animation.cpp">
      <Filter>Archivos de código fuente\AnimatedSprite</Filter>
    </ClCompile>
    <ClCompile Include="AnimatedSprite.cpp">
      <Filter>Archivos de código fuente\AnimatedSprite</Filter>
    </ClCompile>
    <ClCompile Include="Player.cpp">
      <Filter>Archivos de código fuente</Filter>
    </ClCompile>
  </ItemGroup>
</Project>